
Microsoft Visual Studio Solution File, Format Version 12.00
# Visual Studio Version 16
VisualStudioVersion = 25.0.1705.4
MinimumVisualStudioVersion = 10.0.40219.1
Project("{FAE04EC0-301F-11D3-BF4B-00C04F79EFBC}") = "Exercicio04", "Exercicio04\Exercicio04.csproj", "{39D23814-5853-4640-A537-DFD1A07033A8}"
EndProject
Global
	GlobalSection(SolutionConfigurationPlatforms) = preSolution
		Debug|Any CPU = Debug|Any CPU
		Release|Any CPU = Release|Any CPU
	EndGlobalSection
	GlobalSection(ProjectConfigurationPlatforms) = postSolution
		{39D23814-5853-4640-A537-DFD1A07033A8}.Debug|Any CPU.ActiveCfg = Debug|Any CPU
		{39D23814-5853-4640-A537-DFD1A07033A8}.Debug|Any CPU.Build.0 = Debug|Any CPU
		{39D23814-5853-4640-A537-DFD1A07033A8}.Release|Any CPU.ActiveCfg = Release|Any CPU
		{39D23814-5853-4640-A537-DFD1A07033A8}.Release|Any CPU.Build.0 = Release|Any CPU
	EndGlobalSection
	GlobalSection(SolutionProperties) = preSolution
		HideSolutionNode = FALSE
	EndGlobalSection
	GlobalSection(ExtensibilityGlobals) = postSolution
		SolutionGuid = {F8582B3E-6648-4BBB-A8EE-F64DC218E931}
	EndGlobalSection
EndGlobal
